
Microsoft Visual Studio Solution File, Format Version 12.00
# Visual Studio Version 17
VisualStudioVersion = 17.7.34031.279
MinimumVisualStudioVersion = 10.0.40219.1
Project("{FAE04EC0-301F-11D3-BF4B-00C04F79EFBC}") = "pustok", "pustok\pustok.csproj", "{0AA42543-15AB-4A43-B0C5-AE459A32CE2C}"
EndProject
Global
	GlobalSection(SolutionConfigurationPlatforms) = preSolution
		Debug|Any CPU = Debug|Any CPU
		Release|Any CPU = Release|Any CPU
	EndGlobalSection
	GlobalSection(ProjectConfigurationPlatforms) = postSolution
		{0AA42543-15AB-4A43-B0C5-AE459A32CE2C}.Debug|Any CPU.ActiveCfg = Debug|Any CPU
		{0AA42543-15AB-4A43-B0C5-AE459A32CE2C}.Debug|Any CPU.Build.0 = Debug|Any CPU
		{0AA42543-15AB-4A43-B0C5-AE459A32CE2C}.Release|Any CPU.ActiveCfg = Release|Any CPU
		{0AA42543-15AB-4A43-B0C5-AE459A32CE2C}.Release|Any CPU.Build.0 = Release|Any CPU
	EndGlobalSection
	GlobalSection(SolutionProperties) = preSolution
		HideSolutionNode = FALSE
	EndGlobalSection
	GlobalSection(ExtensibilityGlobals) = postSolution
		SolutionGuid = {A4892F03-AEF4-45B5-976F-653F12D63A11}
	EndGlobalSection
EndGlobal
